# This file was autogenerated by uv via the following command:
#    uv export --frozen --all-groups --format requirements-txt --no-emit-project --output-file requirements-dev.lock
annotated-doc==0.0.5 \
    --hash=sha256:117bac03a25ede5df5440e855b32d556049ca169ead221505badf432fed4b101 \
    --hash=sha256:c7e58ce09192557605d8bbd92836d7e1d520ac9580096042c0bfd197efacf1bb
    # via fastapi
annotated-types==0.8.0 \
    --hash=sha256:13b2beaad985e05e2d6407ee4c4f35590b11f8d693a258a561055cac8f64cab7 \
    --hash=sha256:f072f4d804ea359e4eaf198b1af7a8b0943881a87f31bb764f8bf219bb9419e0
    # via pydantic
anyio==4.15.1 \
    --hash=sha256:6152fdbbf9a77fdec97731721bebf7c4c44f7c29b424b0065826173efc7ed101 \
    --hash=sha256:9f28306018cbd6d329e64a36d58256edff76dd996fe423bc957326e578b82a94
    # via
    #   httpx
    #   starlette
    #   watchfiles
certifi==2026.7.22 \
    --hash=sha256:62f22742b58a1a33014a2b6b706588a8d7e2a88ae7bd1a6ebe8c992928483775 \
    --hash=sha256:741e2c3b351ddf169a738da9f2c048608ff7f2c5cc02f1ebc6b118bb090d5d55
    # via
    #   httpcore
    #   httpx
cfgv==3.5.0 \
    --hash=sha256:a8dc6b26ad22ff227d2634a65cb388215ce6cc96bbcc5cfde7641ae87e8dacc0 \
    --hash=sha256:d5b1034354820651caa73ede66a6294d6e95c1b00acc5e9b098e917404669132
    # via pre-commit
click==8.5.0 \
    --hash=sha256:255bc9599cf7748b4b1a446ccc735421bd08a2ae529a8b88597d3de5664ee360 \
    --hash=sha256:ba0d2089de75ea0310e2dde03160e6ca10009947fb95a182f9b54021bb272e34
    # via uvicorn
colorama==0.4.6 ; sys_platform == 'win32' \
    --hash=sha256:08695f5cb7ed6e0531a20572697297273c47b8cae5a63ffc6d6ed5c201be6e44 \
    --hash=sha256:4f1d9991f5acc0ca119f9d443620b77f9d6b33703e51011c16baf57afb285fc6
    # via pytest
distlib==0.4.3 \
    --hash=sha256:4b0ce306c966eb73bc3a7b6abad017c556dadd92c44701562cd528ac7fde4d5b \
    --hash=sha256:f152097224a0ae24be5a0f6bae1b9359af82133bce63f98a95f86cae1aede9ed
    # via virtualenv
fastapi==0.141.1 \
    --hash=sha256:bfb91aa2d334c61cb35ba9a116fc123b3d3df31640b801cf57a7a78ec3f603b3 \
    --hash=sha256:e8822fc40db1e1858054d7a949a888695bc9bdce70139178e33bd2871a453ca1
    # via zomato-recommendation-api
filelock==3.32.6 \
    --hash=sha256:3f16ecd0117feae0dfc147e8c62eb5daeccd8bd800378c3ddf416de9b4feb6b1 \
    --hash=sha256:a3f55a18af3652a94d8f47d6055df434f254ca1d02ef2524850c6d249ca2512c
    # via
    #   python-discovery
    #   virtualenv
h11==0.16.0 \
    --hash=sha256:4e35b956cf45792e4caa5885e69fba00bdbc6ffafbfa020300e549b208ee5ff1 \
    --hash=sha256:63cf8bbe7522de3bf65932fda1d9c2772064ffb3dae62d55932da54b31cb6c86
    # via
    #   httpcore
    #   uvicorn
httpcore==1.0.9 \
    --hash=sha256:2d400746a40668fc9dec9810239072b40b4484b640a8c38fd654a024c7a1bf55 \
    --hash=sha256:6e34463af53fd2ab5d807f399a9b45ea31c3dfa2276f15a2c3f00afff6e176e8
    # via httpx
httptools==0.8.0 \
    --hash=sha256:425f83884fd6343828d8c565f046cb72b6d19063f6924093e11bcd8e1548cd09 \
    --hash=sha256:5931891fb7b441b8a3853cf1b85c82c903defce084dd5f6771ca46e31bf862c5 \
    --hash=sha256:6b2a32f18d97e16e90827d7a819ffa8dbd8cc245fc4e1fa9d1095b54ef4bd999 \
    --hash=sha256:880490234c10f70a9830743097e8958d6e4b9f5a0ffc24515023afeef984054d \
    --hash=sha256:a1afd7c9fbff0d9f5d489c4ce2768bd09c84a46ddefc7161e6aa82ae35c85745 \
    --hash=sha256:b15fc622b0f869d19207c4089a501d9bcc63ca5e071ffdd2f03f922df882dcb2 \
    --hash=sha256:cd96f29b4bab1d42fa6e3d008711c75e0f79e94e06827330160e3a304227f150 \
    --hash=sha256:ef7c3c97f4311c7be57e2986629df89d49cb434dbff78eafcd48c2bff986b15a
    # via uvicorn
httpx==0.28.1 \
    --hash=sha256:75e98c5f16b0f35b567856f597f06ff2270a374470a5c2392242528e3e3e42fc \
    --hash=sha256:d909fcccc110f8c7faf814ca82a9a4d816bc5a6dbfea25d6591d6985b8ba59ad
    # via zomato-recommendation-api
identify==2.6.19 \
    --hash=sha256:20e6a87f786f768c092a721ad107fc9df0eb89347be9396cadf3f4abbd1fb78a \
    --hash=sha256:6be5020c38fcb07da56c53733538a3081ea5aa70d36a156f83044bfbf9173842
    # via pre-commit
idna==3.19 \
    --hash=sha256:5e0811a4383b21dc5838069f801c4fb62113b7447663d2530d2bd6e77b49bf15 \
    --hash=sha256:815e7be7a7806d54abb586dc943addc79e8b2ee16915059658cbeff4b1b43bf4
    # via
    #   anyio
    #   httpx
iniconfig==2.3.0 \
    --hash=sha256:c76315c77db068650d49c5b56314774a7804df16fee4402c1f19d6d15d8c4730 \
    --hash=sha256:f631c04d2c48c52b84d0d0549c99ff3859c98df65b3101406327ecc7d53fbf12
    # via pytest
librt==0.15.0 ; platform_python_implementation != 'PyPy' \
    --hash=sha256:1e47b8ba865d7ede071a91a7163073bbaeb72541f1ef8a07d512c45c7b5007f2 \
    --hash=sha256:4e66cbe84437497d951b799d3e1551291b6fb3d643820a7014b3655d57a59162 \
    --hash=sha256:5500eeae393a184d14e1f35645962c27129d20c81afa4069e6ef826ebc2b3aaa \
    --hash=sha256:59fe030d8ae4a57e3fb7756bf35a858de74e04066fc8555c53d0af979132af81 \
    --hash=sha256:5a6526a2a956bbb1e4ae3568c82e650fc99119c66bb011ea60715744955a2b4d \
    --hash=sha256:6ecfc32dfb46fb7b565bcd6abf9412acf978775a998273d22888a6d7953730dd \
    --hash=sha256:71599e011ac880e8e45d46047d714871894c7d4ab6f25626f8d4f89da21f368d \
    --hash=sha256:73b30cfa976659b3917c8f6153bdb0591c6a9ec6583599fd24a689b690622022 \
    --hash=sha256:85ea21ec6730194d67156b0e0b5430ccb1d61f8b8b907e39b37f9812b74a13f0 \
    --hash=sha256:89cc46cfd15022e35084355478c9ac809d90b1152222706ac9a7655ec21df6fa \
    --hash=sha256:a5207ec414d1c4a2a7231b2086970dc036f94293cdf338190984958a013a42f1 \
    --hash=sha256:a54cf9e0ef47b96af580849db5471142200568ce1e02cbf416addab551369570 \
    --hash=sha256:c802434092b769b1d613ed2e13fac15fbfce1934a74bd10283b03c0fae231cd1 \
    --hash=sha256:cc30523e3f1a23fb7511cc659834a0d01a1042bb9de359bc1c131cc4ec6c9656 \
    --hash=sha256:d5f51401d102c885b9ca509e62c79b1dbff286e1b9b047fde6f763780789356d \
    --hash=sha256:e87bc679f86a99aa3b26e3c78eeb821a247c9a28eae48eaafcc32c3bf4c3bb9e
    # via mypy
mypy==1.20.2 \
    --hash=sha256:34397cdced6b90b836e38182076049fdb41424322e0b0728c946b0939ebdf9f6 \
    --hash=sha256:4b6481b228d072315b053210b01ac320e1be243dc17f9e5887ef167f23f5fae4 \
    --hash=sha256:4dbfcf869f6b0517f70cf0030ba6ea1d6645e132337a7d5204a18d8d5636c02b \
    --hash=sha256:56908d7e08318d39f85b1f0c6cfd47b0cac1a130da677630dac0de3e0623e102 \
    --hash=sha256:785b08db19c9f214dc37d65f7c165d19a30fcecb48abfa30f31b01b5acaabb58 \
    --hash=sha256:a5da6976f20cae27059ea8d0c86e7cef3de720e04c4bb9ee18e3690fdb792066 \
    --hash=sha256:a94c5a76ab46c5e6257c7972b6c8cff0574201ca7dc05647e33e795d78680563 \
    --hash=sha256:d52ad8d78522da1d308789df651ee5379088e77c76cb1994858d40a426b343b9 \
    --hash=sha256:e8222c26daaafd9e8626dec58ae36029f82585890589576f769a650dd20fd665
mypy-extensions==1.1.0 \
    --hash=sha256:1be4cccdb0f2482337c4743e60421de3a356cd97508abadd57d47403e94f5505 \
    --hash=sha256:52e68efc3284861e772bbcd66823fde5ae21fd2fdb51c62a211403730b916558
    # via mypy
nodeenv==1.10.0 \
    --hash=sha256:5bb13e3eed2923615535339b3c620e76779af4cb4c6a90deccc9e36b274d3827 \
    --hash=sha256:996c191ad80897d076bdfba80a41994c2b47c68e224c542b48feba42ba00f8bb
    # via pre-commit
packaging==26.3 \
    --hash=sha256:94edc256424af38762eb31306eed28beb9f0efc50a8837492c9d6fd6004aed79 \
    --hash=sha256:d7193f7c8e4e93f444fde0262bf90af30e16fa0ad0ad44cb553c87339b23cd1c
    # via pytest
pathspec==1.1.1 \
    --hash=sha256:17db5ecd524104a120e173814c90367a96a98d07c45b2e10c2f3919fff91bf5a \
    --hash=sha256:a00ce642f577bf7f473932318056212bc4f8bfdf53128c78bbd5af0b9b20b189
    # via mypy
platformdirs==4.11.8 \
    --hash=sha256:52f2f181bbfde907966932cc8312d967d02976422d66d537ea16092b8e291081 \
    --hash=sha256:f23abafea7dd4276d1f29104b83598d7dcc567cafd07c9c951e66665645437fc
    # via virtualenv
pluggy==1.6.0 \
    --hash=sha256:7dcc130b76258d33b90f61b658791dede3486c3e6bfb003ee5c9bfb396dd22f3 \
    --hash=sha256:e920276dd6813095e9377c0bc5566d94c932c33b27a3e3945d8389c374dd4746
    # via pytest
polars==1.44.2 \
    --hash=sha256:1bb331f17a40d9d931101533dcd33637b66edc61eb377b07020dac16a0f0377b \
    --hash=sha256:86c8e26b6c2de8c8d344bb910b74dfc47b118ac3fe0f19b44909467990a0b281
    # via zomato-recommendation-api
polars-runtime-32==1.44.2 \
    --hash=sha256:10c0c695a418407617b5159db7d9a21074a733e4c6d61275b6762f25cb31ca99 \
    --hash=sha256:1fd536720668ba203a16a20b08cd6b23057e407a0279cf36b2f35f879d6e3208 \
    --hash=sha256:8598e7a20efba70bb74978c7df7af7c606ff4d79b9b48fdd808250b189bc9a13 \
    --hash=sha256:a1bafb441e99199a62c63bf1bbdc0ea09ee9776dbac2bf31452b5000fb1df2f7 \
    --hash=sha256:b84842f7d621aaca7a52e165e19a24f89db45f8aa13744941430218419a14a67 \
    --hash=sha256:bbf9b45040291dc1c6c588c837019c33557bde25ec536562a9cca9e1f6dfcc45 \
    --hash=sha256:c4a09fb14aad711526346efc0cb2015c2fd0555ce4118b6524e5debbaea65ff5 \
    --hash=sha256:d51040d3ab40157f6db3c62be59cab5b80fb3c8d158924769c4982a1c8eef730 \
    --hash=sha256:e0fd43720c8222ae39919c8ff891636d53b352706087120e62f83544dd3ff782
    # via polars
pre-commit==4.6.2 \
    --hash=sha256:8f5d7bfb021ecdbcd9d49d89847082dd24172ccde534390081a679ad046e2441 \
    --hash=sha256:e2dde9a75d3bce11bd3831c26d134df00a2803c1d818be6a0383c3dcda25dc4e
prometheus-client==0.26.0 \
    --hash=sha256:04a91bcf94e2cf74a44a1a874d651a2e853ed354b6e822f3b7487751465d5c2b \
    --hash=sha256:fa93d06737aa02bacd05794768508bb97d2fbee28cb3bca04eaae92f0ca953d6
    # via zomato-recommendation-api
pydantic==2.13.5 \
    --hash=sha256:346a034f080da3755d8e9cb5e00e8b07de1d39e4f6e2c87d8ab7cafa0b269a73 \
    --hash=sha256:51a9c5f7b2f8e636f04c6cada605d9b6a3bf1348fdf945a3d8869b19bba0ee08
    # via
    #   fastapi
    #   pydantic-settings
pydantic-core==2.46.5 \
    --hash=sha256:013d6f3483d81e02e7c328831808f336c8596ee33b4bd4026b9ffb1e960b8942 \
    --hash=sha256:0fc5be0abd4a407e200d844b404e33639a554e7bd0d448e7b9ae181be4789ac2 \
    --hash=sha256:10416c15b8839ecc4ef4d0885da76da6fd0f67333a0eb8aff6d93c4b8f2910fc \
    --hash=sha256:18a09e1e1011b462f2e32774f25859ef1223d5c2b0546a633cf56654710721e0 \
    --hash=sha256:2bc9419666990c06d7397831f2126a1ecc3594aaa3ff7de5bf2d066802f4e07b \
    --hash=sha256:347ec774390c87326a2e4929d58d3f7e8763a104d5d35f4cd595a4c952366433 \
    --hash=sha256:4fdc8b93a41521988916eeaa271173fcca7fa0803d62f87675aac8dcec1c8e29 \
    --hash=sha256:5cb482e9e84c851f4e623fe4acc1ced89168cf1fe18f7089db4548c8f5bbb65b \
    --hash=sha256:5e81740c09e310f5aa5cbd3e434a01c154d4bef93241c7877b39f211d2b78ba8 \
    --hash=sha256:816ff0a6550ffc06c098ccd2e0698600f9aa7da192a79eaa6f9af504a35db869 \
    --hash=sha256:8e24d8f05fa2d28513d94e877e9c75ad66175376209b3977f916e240e623193c \
    --hash=sha256:a39ac25a9a2fa4072efdb429833c4a4c8009a51ff9eea3eeae131713cd27991e \
    --hash=sha256:b98134087d9de723658d17a42c7d0da8d6e2ef08015dee7dc93889047315f5e4 \
    --hash=sha256:b9fe6fb92520e3fd61f2e49000b6911b188824f089b75973ea06d6267f0b476d \
    --hash=sha256:c7ea57fc63aa7da93a1bd2d644e6577befae10c52c4e36377635eea1056a74f5 \
    --hash=sha256:d925f3d9afd05a8c0fb3a1031463a8d59ebe5e2afad297e29c78be19e13b4e62 \
    --hash=sha256:e652ab17569c94bff5475520f907b7148b8c24036a8ebbe5cf7cf7493d28579a \
    --hash=sha256:e9c134bb666dd54b778b9fc0d2b50cbb7f979b9e3716f26a88c9ab3b6fc1dd0f \
    --hash=sha256:efd62a42486f1bda5d24cb4f63d15a3c7768375fe83d36f9417b4ad7a2fb20b3 \
    --hash=sha256:f7b0ec93a2893de856652154d73b7ba622f26fa97726487dcac373de5f4c6084
    # via pydantic
pydantic-settings==2.15.0 \
    --hash=sha256:0ba092c291c94baceb5eff768aa0d56400a457585bc0175925a5a5510303da42 \
    --hash=sha256:694b793e84f766ba76a90ebdefc01d0a9a045dab0382bee70393da93712ad117
    # via zomato-recommendation-api
pygments==2.21.0 \
    --hash=sha256:2363c69b61c4a97c838da3b130dcd6468f4848992b21a82f2a63ec34377137d9 \
    --hash=sha256:610ca751c9bc2492b38eb9a38a7fbc93edbbb2d7182edaf34e66ae493dee5c8c
    # via pytest
pytest==8.4.2 \
    --hash=sha256:86c0d0b93306b961d58d62a4db4879f27fe25513d4b969df351abdddb3c30e01 \
    --hash=sha256:872f880de3fc3a5bdc88a11b39c9710c3497a547cfa9320bc3c5e62fbf272e79
python-discovery==1.6.0 \
    --hash=sha256:6393b4eae1be8b2182670635e7baff89ac21cb9f8e86fd1ff40c7b1144febb4c \
    --hash=sha256:d4e244cf17b8b29819ed78003d55fbacf86eda23425b075454fff9271b79377a
    # via virtualenv
python-dotenv==1.2.3 \
    --hash=sha256:904552145e8bfed22162c09dab1c2b9b54fefa7b23ba780f4f26ca0316b0f0d9 \
    --hash=sha256:a20a594dabeaa385725aa239d5244871c143ecb356add8a20fcf23773a6c3a35
    # via
    #   pydantic-settings
    #   uvicorn
pyyaml==6.0.3 \
    --hash=sha256:41715c910c881bc081f1e8872880d3c650acf13dfa8214bad49ed4cede7c34ea \
    --hash=sha256:5fcd34e47f6e0b794d17de1b4ff496c00986e1c83f7ab2fb8fcfe9616ff7477b \
    --hash=sha256:5fdec68f91a0c6739b380c83b951e2c72ac0197ace422360e6d5a959d8d97b2c \
    --hash=sha256:64386e5e707d03a7e172c0701abfb7e10f0fb753ee1d773128192742712a98fd \
    --hash=sha256:7f047e29dcae44602496db43be01ad42fc6f1cc0d8cd6c83d342306c32270196 \
    --hash=sha256:8dc52c23056b9ddd46818a57b78404882310fb473d63f17b07d5c40421e47f8e \
    --hash=sha256:9149cad251584d5fb4981be1ecde53a1ca46c891a79788c0df828d2f166bda28 \
    --hash=sha256:96b533f0e99f6579b3d4d4995707cf36df9100d67e0c8303a0c55b27b5f99bc5 \
    --hash=sha256:ba1cc08a7ccde2d2ec775841541641e4548226580ab850948cbfda66a1befcdc \
    --hash=sha256:d76623373421df22fb4cf8817020cbb7ef15c725b9d5e45f17e189bfc384190f \
    --hash=sha256:fc09d0aa354569bc501d4e787133afc08552722d3ab34836a80547331bb5d4a0
    # via
    #   pre-commit
    #   uvicorn
ruff==0.16.7 \
    --hash=sha256:06d0e93d04f392996435ebd600c153f65b47d73fbec2415aa99c5ee5756b3a5f \
    --hash=sha256:142151a5e7b93c1b11111337142f89dd2fbfee92161225c99a97222f22e32656 \
    --hash=sha256:2ea3470fcebcbc5df2fb0c6f3b90333fa9084c534e0111c038fa4a6ab9f1c4b7 \
    --hash=sha256:398d3988edde000b5c75dc1b3f584708da9bc990de069c18909142580fec1af9 \
    --hash=sha256:4c196c968874fc8019da8e7163de7a1a370f111e2309b4b7dfea0fce950198d0 \
    --hash=sha256:53e39506a730fadeee0d998ed5946f30671f0db240c6c7c73bdabbe33604bb6f \
    --hash=sha256:5f71d004ac1263b22fa39462ac5ae618a4b77d58981af2cc79bf79a29c12b1a6 \
    --hash=sha256:727307773e7c7f9181d3ed3a2484186e56c1fa1874255911c74585eb2c7c19f9 \
    --hash=sha256:7ab81118df8945e0193d0240712aa4496573595b75185c3636ed825592a0f728 \
    --hash=sha256:7ac26aca826e9e21d0f1cb25b54ac660760a9fdd094d3e4df9848232be98cfc6 \
    --hash=sha256:9ce7f8f22df67c93ed96c717f9128eadb797144ac2bad475cf536f31d6100c55 \
    --hash=sha256:9d61c258deabf58f34c67bd4bb4d939c7f2e6b5f0e59c1cdd1cf771b11cde929 \
    --hash=sha256:aab7f39e2c9df6c596216070f98eef1207b94f8516cca20c808826974971855b \
    --hash=sha256:ac8c3bd0a7e10ad31e6ce51e7a99f3cb772e69aecdd6b9ea7e99b362f62a62c0 \
    --hash=sha256:af1b576fddb9d9ef2ececfb5fadcd6a624b25070ed85e3cfcfe449fc3ff6a7b9 \
    --hash=sha256:ce05b62b770a8217c4646a9c4139fca00efe8fe5d71f87df2b243ff20d4584d1 \
    --hash=sha256:e6651f97a342d8b35d54d8991544ca22169b86dc54111cb604666940c431b750 \
    --hash=sha256:ef140c6eb935fa9a84c9c607dfb2cb1b85843c192e79265b0c54f35f557ea8e5
starlette==1.6.0 \
    --hash=sha256:a86dd39d14bb45f85a3d18525215a9ef0cfd1f192ac793220e72598c90335f0c \
    --hash=sha256:d4e3ac5e546444960c710297a3c9fc3f7ebae1b7e963f3d36173b49da535be9b
    # via fastapi
typing-extensions==4.16.0 \
    --hash=sha256:481caa481374e813c1b176ada14e97f1f67a4539ce9cfeb3f350d78d6370c2e8 \
    --hash=sha256:dc983d19a509c94dba722ee6abd33940f7c05a89e243c47e907eb4db6f1a43e5
    # via
    #   anyio
    #   fastapi
    #   mypy
    #   pydantic
    #   pydantic-core
    #   starlette
    #   typing-inspection
typing-inspection==0.4.4 \
    --hash=sha256:547274fa6b0a561ccf549cc9524b999a578e737d015d8709d021f9d0d13bea47 \
    --hash=sha256:65b8397ba37ccbce054456aaccddfc91e6e3083c92824df348d96ca832f3f147
    # via
    #   fastapi
    #   pydantic
    #   pydantic-settings
uvicorn==0.52.4 \
    --hash=sha256:73acfee47a0b133c5de13d219492d62d8a31e935f4fe6e41a232451a15379f86 \
    --hash=sha256:f86e41a149d7d05a9969337e3946a9c171c06a5d42680896daaba624aeac8da1
    # via zomato-recommendation-api
uvloop==0.22.1 ; platform_python_implementation != 'PyPy' and sys_platform != 'cygwin' and sys_platform != 'win32' \
    --hash=sha256:512fec6815e2dd45161054592441ef76c830eddaad55c8aa30952e6fe1ed07c0 \
    --hash=sha256:51eb9bd88391483410daad430813d982010f9c9c89512321f5b60e2cddbdddd6 \
    --hash=sha256:6c84bae345b9147082b17371e3dd5d42775bddce91f885499017f4607fdaf39f \
    --hash=sha256:700e674a166ca5778255e0e1dc4e9d79ab2acc57b9171b79e65feba7184b3370 \
    --hash=sha256:7b5b1ac819a3f946d3b2ee07f09149578ae76066d70b44df3fa990add49a82e4 \
    --hash=sha256:e047cc068570bac9866237739607d1313b9253c3051ad84738cbb095be0537b2 \
    --hash=sha256:fe94b4564e865d968414598eea1a6de60adba0c040ba4ed05ac1300de402cd42
    # via uvicorn
virtualenv==21.7.9 \
    --hash=sha256:a7e42d81d779dec8afd7dc4be71640fb959ea861bccfa5980cb4ad9f92e30675 \
    --hash=sha256:ba3b0bb41063c848d84d76a9fe3fb7711aaa0f2fe78708e8f3cd9714770e4eac
    # via pre-commit
watchfiles==1.2.0 \
    --hash=sha256:2581a94056e55d7d0a31a823ea92bf73749c489ca2285bfdc0fbe6b2bb49d50c \
    --hash=sha256:2995c176de7692b86a2e4c58d9ec718f753150a979cb4a754e2b4ffa38e70906 \
    --hash=sha256:2cb93af48550faf1cea04c303107c8b75833de7013e57ce27d3b8d21d8d0f58c \
    --hash=sha256:2d95ddc1eb6914154253d239089900813f6a767e174b8e6a50e7fdacb7e4236c \
    --hash=sha256:41bc1199f7523b3f82843c88cbb979180c949caef0342cf90968f178e5d49b01 \
    --hash=sha256:56d8641cf834c2836922899105bd3ce3d0dfc69291d52edf0b4d0436829b34c0 \
    --hash=sha256:7571e4464cb6e434958f867f7f730b8ab0b75e3f8e5eac0499168486ab3c33a8 \
    --hash=sha256:7a2cffd17d27d2ecbb310c2b1d8174f222a5495b1a721894afa88ec11e25b898 \
    --hash=sha256:8f70d8b291ef6e88d19b1f297a6905ddb978888d9272b0d05e6f53309856bcfc \
    --hash=sha256:8fa585ede612ee9f9e91b18bebf9ba11b9ae29a4e3a0d0cf6fca3e382133f0d5 \
    --hash=sha256:bc13eb17538be00c874699dc0abe4ee2bc8d50bb1166a6b9e175ef3fd7eb8f26 \
    --hash=sha256:c995fba777f1ea992f090f9236e9284cf7a5d1a0130dd5a3d82c598cacd76838 \
    --hash=sha256:d20029a60a71a052a24c4db7673bc4de39ab89adbaccbfb5d67987c5d73f424d \
    --hash=sha256:e53a384f76b631c3ae5334ce6a52f0baa3a911eb94a4eac7f160079868b716d5 \
    --hash=sha256:f155b3a1b2a5fc89cdc70d47ee5d54e3b75e88efa34982028a35daef9ba00379
    # via uvicorn
websockets==17.1 \
    --hash=sha256:0c863507ada5805517ca6dff1c524dcd42942efe6304dacf06700878398d21a6 \
    --hash=sha256:0de501b7f2db11e83739ac20e2d33d46da4604b829f506c24be80e7def069391 \
    --hash=sha256:581fa678ef46f4277cc8491312468e582f8ad609dbab907ba6096a08c6a0ff98 \
    --hash=sha256:5aefe78e6a3077fe22b5e64b04666a85a3eb8b934d40e8595a693adcbceb6f11 \
    --hash=sha256:5f051f8030a51815dc00e24bd2e5f1435af095c1cc111d747ac6e2a3620d7641 \
    --hash=sha256:617243e19a0992095956f406ee9cd3bc4ba92862d83cb1d83bb59ce574412bec \
    --hash=sha256:655a8e28010f09fd6fa317e857afab3af7647f33e41dee88fa421e92086d1090 \
    --hash=sha256:677014a073bcb1fbaa7e21144786864f16c08f856d66834f611eceb9006cbab8 \
    --hash=sha256:76dd004f59115087c7b700474cb18f01325e37250032e19396c08ae41448e4b3 \
    --hash=sha256:7e724f843fa6a0614aece65a7c73e51d0f4412ca41dccac13c3caf98e69536bb \
    --hash=sha256:87f0d5e77548b0c40c8464cdb6108792e7e53f487c6400028a4ec28a8afbe5ab \
    --hash=sha256:882af300d2c6a092b93767d5de03c7bb56dfb06314140c8e872d3f48e09f7b74 \
    --hash=sha256:9f4a08ff7cb68c27b18e09223cc6304e01d0f82d5a240d251266dfd2e6e44729 \
    --hash=sha256:acfea4c20bf54384883ea33b1240fc1db4f52e190823a4e2b334bc3e8bfca96a \
    --hash=sha256:ccbf3f4a9890d50b3a08ee04029fde30a03bfdeffaa19977628bf17251764e60 \
    --hash=sha256:d41ef69d5416fbc1d98cf96c37be6192d10fd101c3e0f8b3ddc36e09432b3c08 \
    --hash=sha256:dc2b79afc074d2f3e64b26539350f697fe1b85ea1c49ea24eb588f247b053ce1 \
    --hash=sha256:e4bd7eacb87d8cf3ed70d6392c770a0d92441f05d7d2a3efafb5bc171d5e3067 \
    --hash=sha256:eec113a5b41d124ef42ff56b0d74a6da3fd986400038eab9e58ee42a4024e837 \
    --hash=sha256:f221081107b8c48184d99f7019604486376e7ef826037e70aad6b02540732c23 \
    --hash=sha256:f62114a54117e4948a1e414e89521f7fe1e3c2f83f2a571a06a4fc6718b0900a \
    --hash=sha256:f64e001bb7fa89b9f32cfa600bf8e9ac8ca26759d9b92ae01453ee303d9cd7b4
    # via uvicorn
